// !$*UTF8*$!
{
	archiveVersion = 1;
	classes = {
	};
	objectVersion = 48;
	objects = {

/* Begin PBXBuildFile section */
		310352CC1FC95C6B004CB626 /* AppDelegate.swift in Sources */ = {isa = PBXBuildFile; fileRef = 310352CB1FC95C6B004CB626 /* AppDelegate.swift */; };
		310352CE1FC95C6B004CB626 /* ViewController.swift in Sources */ = {isa = PBXBuildFile; fileRef = 310352CD1FC95C6B004CB626 /* ViewController.swift */; };
		310352D11FC95C6B004CB626 /* Main.storyboard in Resources */ = {isa = PBXBuildFile; fileRef = 310352CF1FC95C6B004CB626 /* Main.storyboard */; };
		310352D31FC95C6B004CB626 /* Assets.xcassets in Resources */ = {isa = PBXBuildFile; fileRef = 310352D21FC95C6B004CB626 /* Assets.xcassets */; };
		310352D61FC95C6B004CB626 /* LaunchScreen.storyboard in Resources */ = {isa = PBXBuildFile; fileRef = 310352D41FC95C6B004CB626 /* LaunchScreen.storyboard */; };
		310352E11FC95C6B004CB626 /* ToDoListTests.swift in Sources */ = {isa = PBXBuildFile; fileRef = 310352E01FC95C6B004CB626 /* ToDoListTests.swift */; };
		310352EC1FC95C6B004CB626 /* ToDoListUITests.swift in Sources */ = {isa = PBXBuildFile; fileRef = 310352EB1FC95C6B004CB626 /* ToDoListUITests.swift */; };
/* End PBXBuildFile section */

/* Begin PBXContainerItemProxy section */
		310352DD1FC95C6B004CB626 /* PBXContainerItemProxy */ = {
			isa = PBXContainerItemProxy;
			containerPortal = 310352C01FC95C6A004CB626 /* Project object */;
			proxyType = 1;
			remoteGlobalIDString = 310352C71FC95C6B004CB626;
			remoteInfo = ToDoList;
		};
		310352E81FC95C6B004CB626 /* PBXContainerItemProxy */ = {
			isa = PBXContainerItemProxy;
			containerPortal = 310352C01FC95C6A004CB626 /* Project object */;
			proxyType = 1;
			remoteGlobalIDString = 310352C71FC95C6B004CB626;
			remoteInfo = ToDoList;
		};
/* End PBXContainerItemProxy section */

/* Begin PBXFileReference section */
		310352C81FC95C6B004CB626 /* ToDoList.app */ = {isa = PBXFileReference; explicitFileType = wrapper.application; includeInIndex = 0; path = ToDoList.app; sourceTree = BUILT_PRODUCTS_DIR; };
		310352CB1FC95C6B004CB626 /* AppDelegate.swift */ = {isa = PBXFileReference; lastKnownFileType = sourcecode.swift; path = AppDelegate.swift; sourceTree = "<group>"; };
		310352CD1FC95C6B004CB626 /* ViewController.swift */ = {isa = PBXFileReference; lastKnownFileType = sourcecode.swift; path = ViewController.swift; sourceTree = "<group>"; };
		310352D01FC95C6B004CB626 /* Base */ = {isa = PBXFileReference; lastKnownFileType = file.storyboard; name = Base; path = Base.lproj/Main.storyboard; sourceTree = "<group>"; };
		310352D21FC95C6B004CB626 /* Assets.xcassets */ = {isa = PBXFileReference; lastKnownFileType = folder.assetcatalog; path = Assets.xcassets; sourceTree = "<group>"; };
		310352D51FC95C6B004CB626 /* Base */ = {isa = PBXFileReference; lastKnownFileType = file.storyboard; name = Base; path = Base.lproj/LaunchScreen.storyboard; sourceTree = "<group>"; };
		310352D71FC95C6B004CB626 /* Info.plist */ = {isa = PBXFileReference; lastKnownFileType = text.plist.xml; path = Info.plist; sourceTree = "<group>"; };
		310352DC1FC95C6B004CB626 /* ToDoListTests.xctest */ = {isa = PBXFileReference; explicitFileType = wrapper.cfbundle; includeInIndex = 0; path = ToDoListTests.xctest; sourceTree = BUILT_PRODUCTS_DIR; };
		310352E01FC95C6B004CB626 /* ToDoListTests.swift */ = {isa = PBXFileReference; lastKnownFileType = sourcecode.swift; path = ToDoListTests.swift; sourceTree = "<group>"; };
		310352E21FC95C6B004CB626 /* Info.plist */ = {isa = PBXFileReference; lastKnownFileType = text.plist.xml; path = Info.plist; sourceTree = "<group>"; };
		310352E71FC95C6B004CB626 /* ToDoListUITests.xctest */ = {isa = PBXFileReference; explicitFileType = wrapper.cfbundle; includeInIndex = 0; path = ToDoListUITests.xctest; sourceTree = BUILT_PRODUCTS_DIR; };
		310352EB1FC95C6B004CB626 /* ToDoListUITests.swift */ = {isa = PBXFileReference; lastKnownFileType = sourcecode.swift; path = ToDoListUITests.swift; sourceTree = "<group>"; };
		310352ED1FC95C6B004CB626 /* Info.plist */ = {isa = PBXFileReference; lastKnownFileType = text.plist.xml; path = Info.plist; sourceTree = "<group>"; };
/* End PBXFileReference section */

/* Begin PBXFrameworksBuildPhase section */
		310352C51FC95C6B004CB626 /* Frameworks */ = {
			isa = PBXFrameworksBuildPhase;
			buildActionMask = 2147483647;
			files = (
			);
			runOnlyForDeploymentPostprocessing = 0;
		};
		310352D91FC95C6B004CB626 /* Frameworks */ = {
			isa = PBXFrameworksBuildPhase;
			buildActionMask = 2147483647;
			files = (
			);
			runOnlyForDeploymentPostprocessing = 0;
		};
		310352E41FC95C6B004CB626 /* Frameworks */ = {
			isa = PBXFrameworksBuildPhase;
			buildActionMask = 2147483647;
			files = (
			);
			runOnlyForDeploymentPostprocessing = 0;
		};
/* End PBXFrameworksBuildPhase section */

/* Begin PBXGroup section */
		310352BF1FC95C6A004CB626 = {
			isa = PBXGroup;
			children = (
				310352CA1FC95C6B004CB626 /* ToDoList */,
				310352DF1FC95C6B004CB626 /* ToDoListTests */,
				310352EA1FC95C6B004CB626 /* ToDoListUITests */,
				310352C91FC95C6B004CB626 /* Products */,
			);
			sourceTree = "<group>";
		};
		310352C91FC95C6B004CB626 /* Products */ = {
			isa = PBXGroup;
			children = (
				310352C81FC95C6B004CB626 /* ToDoList.app */,
				310352DC1FC95C6B004CB626 /* ToDoListTests.xctest */,
				310352E71FC95C6B004CB626 /* ToDoListUITests.xctest */,
			);
			name = Products;
			sourceTree = "<group>";
		};
		310352CA1FC95C6B004CB626 /* ToDoList */ = {
			isa = PBXGroup;
			children = (
				310352CB1FC95C6B004CB626 /* AppDelegate.swift */,
				310352CD1FC95C6B004CB626 /* ViewController.swift */,
				310352CF1FC95C6B004CB626 /* Main.storyboard */,
				310352D21FC95C6B004CB626 /* Assets.xcassets */,
				310352D41FC95C6B004CB626 /* LaunchScreen.storyboard */,
				310352D71FC95C6B004CB626 /* Info.plist */,
			);
			path = ToDoList;
			sourceTree = "<group>";
		};
		310352DF1FC95C6B004CB626 /* ToDoListTests */ = {
			isa = PBXGroup;
			children = (
				310352E01FC95C6B004CB626 /* ToDoListTests.swift */,
				310352E21FC95C6B004CB626 /* Info.plist */,
			);
			path = ToDoListTests;
			sourceTree = "<group>";
		};
		310352EA1FC95C6B004CB626 /* ToDoListUITests */ = {
			isa = PBXGroup;
			children = (
				310352EB1FC95C6B004CB626 /* ToDoListUITests.swift */,
				310352ED1FC95C6B004CB626 /* Info.plist */,
			);
			path = ToDoListUITests;
			sourceTree = "<group>";
		};
/* End PBXGroup section */

/* Begin PBXNativeTarget section */
		310352C71FC95C6B004CB626 /* ToDoList */ = {
			isa = PBXNativeTarget;
			buildConfigurationList = 310352F01FC95C6B004CB626 /* Build configuration list for PBXNativeTarget "ToDoList" */;
			buildPhases = (
				310352C41FC95C6B004CB626 /* Sources */,
				310352C51FC95C6B004CB626 /* Frameworks */,
				310352C61FC95C6B004CB626 /* Resources */,
			);
			buildRules = (
			);
			dependencies = (
			);
			name = ToDoList;
			productName = ToDoList;
			productReference = 310352C81FC95C6B004CB626 /* ToDoList.app */;
			productType = "com.apple.product-type.application";
		};
		310352DB1FC95C6B004CB626 /* ToDoListTests */ = {
			isa = PBXNativeTarget;
			buildConfigurationList = 310352F31FC95C6B004CB626 /* Build configuration list for PBXNativeTarget "ToDoListTests" */;
			buildPhases = (
				310352D81FC95C6B004CB626 /* Sources */,
				310352D91FC95C6B004CB626 /* Frameworks */,
				310352DA1FC95C6B004CB626 /* Resources */,
			);
			buildRules = (
			);
			dependencies = (
				310352DE1FC95C6B004CB626 /* PBXTargetDependency */,
			);
			name = ToDoListTests;
			productName = ToDoListTests;
			productReference = 310352DC1FC95C6B004CB626 /* ToDoListTests.xctest */;
			productType = "com.apple.product-type.bundle.unit-test";
		};
		310352E61FC95C6B004CB626 /* ToDoListUITests */ = {
			isa = PBXNativeTarget;
			buildConfigurationList = 310352F61FC95C6B004CB626 /* Build configuration list for PBXNativeTarget "ToDoListUITests" */;
			buildPhases = (
				310352E31FC95C6B004CB626 /* Sources */,
				310352E41FC95C6B004CB626 /* Frameworks */,
				310352E51FC95C6B004CB626 /* Resources */,
			);
			buildRules = (
			);
			dependencies = (
				310352E91FC95C6B004CB626 /* PBXTargetDependency */,
			);
			name = ToDoListUITests;
			productName = ToDoListUITests;
			productReference = 310352E71FC95C6B004CB626 /* ToDoListUITests.xctest */;
			productType = "com.apple.product-type.bundle.ui-testing";
		};
/* End PBXNativeTarget section */

/* Begin PBXProject section */
		310352C01FC95C6A004CB626 /* Project object */ = {
			isa = PBXProject;
			attributes = {
				LastSwiftUpdateCheck = 0910;
				LastUpgradeCheck = 0910;
				ORGANIZATIONNAME = "maya tominaga";
				TargetAttributes = {
					310352C71FC95C6B004CB626 = {
						CreatedOnToolsVersion = 9.1;
						ProvisioningStyle = Automatic;
					};
					310352DB1FC95C6B004CB626 = {
						CreatedOnToolsVersion = 9.1;
						ProvisioningStyle = Automatic;
						TestTargetID = 310352C71FC95C6B004CB626;
					};
					310352E61FC95C6B004CB626 = {
						CreatedOnToolsVersion = 9.1;
						ProvisioningStyle = Automatic;
						TestTargetID = 310352C71FC95C6B004CB626;
					};
				};
			};
			buildConfigurationList = 310352C31FC95C6A004CB626 /* Build configuration list for PBXProject "ToDoList" */;
			compatibilityVersion = "Xcode 8.0";
			developmentRegion = en;
			hasScannedForEncodings = 0;
			knownRegions = (
				en,
				Base,
			);
			mainGroup = 310352BF1FC95C6A004CB626;
			productRefGroup = 310352C91FC95C6B004CB626 /* Products */;
			projectDirPath = "";
			projectRoot = "";
			targets = (
				310352C71FC95C6B004CB626 /* ToDoList */,
				310352DB1FC95C6B004CB626 /* ToDoListTests */,
				310352E61FC95C6B004CB626 /* ToDoListUITests */,
			);
		};
/* End PBXProject section */

/* Begin PBXResourcesBuildPhase section */
		310352C61FC95C6B004CB626 /* Resources */ = {
			isa = PBXResourcesBuildPhase;
			buildActionMask = 2147483647;
			files = (
				310352D61FC95C6B004CB626 /* LaunchScreen.storyboard in Resources */,
				310352D31FC95C6B004CB626 /* Assets.xcassets in Resources */,
				310352D11FC95C6B004CB626 /* Main.storyboard in Resources */,
			);
			runOnlyForDeploymentPostprocessing = 0;
		};
		310352DA1FC95C6B004CB626 /* Resources */ = {
			isa = PBXResourcesBuildPhase;
			buildActionMask = 2147483647;
			files = (
			);
			runOnlyForDeploymentPostprocessing = 0;
		};
		310352E51FC95C6B004CB626 /* Resources */ = {
			isa = PBXResourcesBuildPhase;
			buildActionMask = 2147483647;
			files = (
			);
			runOnlyForDeploymentPostprocessing = 0;
		};
/* End PBXResourcesBuildPhase section */

/* Begin PBXSourcesBuildPhase section */
		310352C41FC95C6B004CB626 /* Sources */ = {
			isa = PBXSourcesBuildPhase;
			buildActionMask = 2147483647;
			files = (
				310352CE1FC95C6B004CB626 /* ViewController.swift in Sources */,
				310352CC1FC95C6B004CB626 /* AppDelegate.swift in Sources */,
			);
			runOnlyForDeploymentPostprocessing = 0;
		};
		310352D81FC95C6B004CB626 /* Sources */ = {
			isa = PBXSourcesBuildPhase;
			buildActionMask = 2147483647;
			files = (
				310352E11FC95C6B004CB626 /* ToDoListTests.swift in Sources */,
			);
			runOnlyForDeploymentPostprocessing = 0;
		};
		310352E31FC95C6B004CB626 /* Sources */ = {
			isa = PBXSourcesBuildPhase;
			buildActionMask = 2147483647;
			files = (
				310352EC1FC95C6B004CB626 /* ToDoListUITests.swift in Sources */,
			);
			runOnlyForDeploymentPostprocessing = 0;
		};
/* End PBXSourcesBuildPhase section */

/* Begin PBXTargetDependency section */
		310352DE1FC95C6B004CB626 /* PBXTargetDependency */ = {
			isa = PBXTargetDependency;
			target = 310352C71FC95C6B004CB626 /* ToDoList */;
			targetProxy = 310352DD1FC95C6B004CB626 /* PBXContainerItemProxy */;
		};
		310352E91FC95C6B004CB626 /* PBXTargetDependency */ = {
			isa = PBXTargetDependency;
			target = 310352C71FC95C6B004CB626 /* ToDoList */;
			targetProxy = 310352E81FC95C6B004CB626 /* PBXContainerItemProxy */;
		};
/* End PBXTargetDependency section */

/* Begin PBXVariantGroup section */
		310352CF1FC95C6B004CB626 /* Main.storyboard */ = {
			isa = PBXVariantGroup;
			children = (
				310352D01FC95C6B004CB626 /* Base */,
			);
			name = Main.storyboard;
			sourceTree = "<group>";
		};
		310352D41FC95C6B004CB626 /* LaunchScreen.storyboard */ = {
			isa = PBXVariantGroup;
			children = (
				310352D51FC95C6B004CB626 /* Base */,
			);
			name = LaunchScreen.storyboard;
			sourceTree = "<group>";
		};
/* End PBXVariantGroup section */

/* Begin XCBuildConfiguration section */
		310352EE1FC95C6B004CB626 /* Debug */ = {
			isa = XCBuildConfiguration;
			buildSettings = {
				ALWAYS_SEARCH_USER_PATHS = NO;
				CLANG_ANALYZER_NONNULL = YES;
				CLANG_ANALYZER_NUMBER_OBJECT_CONVERSION = YES_AGGRESSIVE;
				CLANG_CXX_LANGUAGE_STANDARD = "gnu++14";
				CLANG_CXX_LIBRARY = "libc++";
				CLANG_ENABLE_MODULES = YES;
				CLANG_ENABLE_OBJC_ARC = YES;
				CLANG_WARN_BLOCK_CAPTURE_AUTORELEASING = YES;
				CLANG_WARN_BOOL_CONVERSION = YES;
				CLANG_WARN_COMMA = YES;
				CLANG_WARN_CONSTANT_CONVERSION = YES;
				CLANG_WARN_DIRECT_OBJC_ISA_USAGE = YES_ERROR;
				CLANG_WARN_DOCUMENTATION_COMMENTS = YES;
				CLANG_WARN_EMPTY_BODY = YES;
				CLANG_WARN_ENUM_CONVERSION = YES;
				CLANG_WARN_INFINITE_RECURSION = YES;
				CLANG_WARN_INT_CONVERSION = YES;
				CLANG_WARN_NON_LITERAL_NULL_CONVERSION = YES;
				CLANG_WARN_OBJC_LITERAL_CONVERSION = YES;
				CLANG_WARN_OBJC_ROOT_CLASS = YES_ERROR;
				CLANG_WARN_RANGE_LOOP_ANALYSIS = YES;
				CLANG_WARN_STRICT_PROTOTYPES = YES;
				CLANG_WARN_SUSPICIOUS_MOVE = YES;
				CLANG_WARN_UNGUARDED_AVAILABILITY = YES_AGGRESSIVE;
				CLANG_WARN_UNREACHABLE_CODE = YES;
				CLANG_WARN__DUPLICATE_METHOD_MATCH = YES;
				CODE_SIGN_IDENTITY = "iPhone Developer";
				COPY_PHASE_STRIP = NO;
				DEBUG_INFORMATION_FORMAT = dwarf;
				ENABLE_STRICT_OBJC_MSGSEND = YES;
				ENABLE_TESTABILITY = YES;
				GCC_C_LANGUAGE_STANDARD = gnu11;
				GCC_DYNAMIC_NO_PIC = NO;
				GCC_NO_COMMON_BLOCKS = YES;
				GCC_OPTIMIZATION_LEVEL = 0;
				GCC_PREPROCESSOR_DEFINITIONS = (
					"DEBUG=1",
					"$(inherited)",
				);
				GCC_WARN_64_TO_32_BIT_CONVERSION = YES;
				GCC_WARN_ABOUT_RETURN_TYPE = YES_ERROR;
				GCC_WARN_UNDECLARED_SELECTOR = YES;
				GCC_WARN_UNINITIALIZED_AUTOS = YES_AGGRESSIVE;
				GCC_WARN_UNUSED_FUNCTION = YES;
				GCC_WARN_UNUSED_VARIABLE = YES;
				IPHONEOS_DEPLOYMENT_TARGET = 11.1;
				MTL_ENABLE_DEBUG_INFO = YES;
				ONLY_ACTIVE_ARCH = YES;
				SDKROOT = iphoneos;
				SWIFT_ACTIVE_COMPILATION_CONDITIONS = DEBUG;
				SWIFT_OPTIMIZATION_LEVEL = "-Onone";
			};
			name = Debug;
		};
		310352EF1FC95C6B004CB626 /* Release */ = {
			isa = XCBuildConfiguration;
			buildSettings = {
				ALWAYS_SEARCH_USER_PATHS = NO;
				CLANG_ANALYZER_NONNULL = YES;
				CLANG_ANALYZER_NUMBER_OBJECT_CONVERSION = YES_AGGRESSIVE;
				CLANG_CXX_LANGUAGE_STANDARD = "gnu++14";
				CLANG_CXX_LIBRARY = "libc++";
				CLANG_ENABLE_MODULES = YES;
				CLANG_ENABLE_OBJC_ARC = YES;
				CLANG_WARN_BLOCK_CAPTURE_AUTORELEASING = YES;
				CLANG_WARN_BOOL_CONVERSION = YES;
				CLANG_WARN_COMMA = YES;
				CLANG_WARN_CONSTANT_CONVERSION = YES;
				CLANG_WARN_DIRECT_OBJC_ISA_USAGE = YES_ERROR;
				CLANG_WARN_DOCUMENTATION_COMMENTS = YES;
				CLANG_WARN_EMPTY_BODY = YES;
				CLANG_WARN_ENUM_CONVERSION = YES;
				CLANG_WARN_INFINITE_RECURSION = YES;
				CLANG_WARN_INT_CONVERSION = YES;
				CLANG_WARN_NON_LITERAL_NULL_CONVERSION = YES;
				CLANG_WARN_OBJC_LITERAL_CONVERSION = YES;
				CLANG_WARN_OBJC_ROOT_CLASS = YES_ERROR;
				CLANG_WARN_RANGE_LOOP_ANALYSIS = YES;
				CLANG_WARN_STRICT_PROTOTYPES = YES;
				CLANG_WARN_SUSPICIOUS_MOVE = YES;
				CLANG_WARN_UNGUARDED_AVAILABILITY = YES_AGGRESSIVE;
				CLANG_WARN_UNREACHABLE_CODE = YES;
				CLANG_WARN__DUPLICATE_METHOD_MATCH = YES;
				CODE_SIGN_IDENTITY = "iPhone Developer";
				COPY_PHASE_STRIP = NO;
				DEBUG_INFORMATION_FORMAT = "dwarf-with-dsym";
				ENABLE_NS_ASSERTIONS = NO;
				ENABLE_STRICT_OBJC_MSGSEND = YES;
				GCC_C_LANGUAGE_STANDARD = gnu11;
				GCC_NO_COMMON_BLOCKS = YES;
				GCC_WARN_64_TO_32_BIT_CONVERSION = YES;
				GCC_WARN_ABOUT_RETURN_TYPE = YES_ERROR;
				GCC_WARN_UNDECLARED_SELECTOR = YES;
				GCC_WARN_UNINITIALIZED_AUTOS = YES_AGGRESSIVE;
				GCC_WARN_UNUSED_FUNCTION = YES;
				GCC_WARN_UNUSED_VARIABLE = YES;
				IPHONEOS_DEPLOYMENT_TARGET = 11.1;
				MTL_ENABLE_DEBUG_INFO = NO;
				SDKROOT = iphoneos;
				SWIFT_OPTIMIZATION_LEVEL = "-Owholemodule";
				VALIDATE_PRODUCT = YES;
			};
			name = Release;
		};
		310352F11FC95C6B004CB626 /* Debug */ = {
			isa = XCBuildConfiguration;
			buildSettings = {
				ASSETCATALOG_COMPILER_APPICON_NAME = AppIcon;
				CODE_SIGN_STYLE = Automatic;
				INFOPLIST_FILE = ToDoList/Info.plist;
				LD_RUNPATH_SEARCH_PATHS = "$(inherited) @executable_path/Frameworks";
				PRODUCT_BUNDLE_IDENTIFIER = todoList.ToDoList;
				PRODUCT_NAME = "$(TARGET_NAME)";
				SWIFT_VERSION = 4.0;
				TARGETED_DEVICE_FAMILY = "1,2";
			};
			name = Debug;
		};
		310352F21FC95C6B004CB626 /* Release */ = {
			isa = XCBuildConfiguration;
			buildSettings = {
				ASSETCATALOG_COMPILER_APPICON_NAME = AppIcon;
				CODE_SIGN_STYLE = Automatic;
				INFOPLIST_FILE = ToDoList/Info.plist;
				LD_RUNPATH_SEARCH_PATHS = "$(inherited) @executable_path/Frameworks";
				PRODUCT_BUNDLE_IDENTIFIER = todoList.ToDoList;
				PRODUCT_NAME = "$(TARGET_NAME)";
				SWIFT_VERSION = 4.0;
				TARGETED_DEVICE_FAMILY = "1,2";
			};
			name = Release;
		};
		310352F41FC95C6B004CB626 /* Debug */ = {
			isa = XCBuildConfiguration;
			buildSettings = {
				ALWAYS_EMBED_SWIFT_STANDARD_LIBRARIES = YES;
				BUNDLE_LOADER = "$(TEST_HOST)";
				CODE_SIGN_STYLE = Automatic;
				INFOPLIST_FILE = ToDoListTests/Info.plist;
				LD_RUNPATH_SEARCH_PATHS = "$(inherited) @executable_path/Frameworks @loader_path/Frameworks";
				PRODUCT_BUNDLE_IDENTIFIER = todoList.ToDoListTests;
				PRODUCT_NAME = "$(TARGET_NAME)";
				SWIFT_VERSION = 4.0;
				TARGETED_DEVICE_FAMILY = "1,2";
				TEST_HOST = "$(BUILT_PRODUCTS_DIR)/ToDoList.app/ToDoList";
			};
			name = Debug;
		};
		310352F51FC95C6B004CB626 /* Release */ = {
			isa = XCBuildConfiguration;
			buildSettings = {
				ALWAYS_EMBED_SWIFT_STANDARD_LIBRARIES = YES;
				BUNDLE_LOADER = "$(TEST_HOST)";
				CODE_SIGN_STYLE = Automatic;
				INFOPLIST_FILE = ToDoListTests/Info.plist;
				LD_RUNPATH_SEARCH_PATHS = "$(inherited) @executable_path/Frameworks @loader_path/Frameworks";
				PRODUCT_BUNDLE_IDENTIFIER = todoList.ToDoListTests;
				PRODUCT_NAME = "$(TARGET_NAME)";
				SWIFT_VERSION = 4.0;
				TARGETED_DEVICE_FAMILY = "1,2";
				TEST_HOST = "$(BUILT_PRODUCTS_DIR)/ToDoList.app/ToDoList";
			};
			name = Release;
		};
		310352F71FC95C6B004CB626 /* Debug */ = {
			isa = XCBuildConfiguration;
			buildSettings = {
				ALWAYS_EMBED_SWIFT_STANDARD_LIBRARIES = YES;
				CODE_SIGN_STYLE = Automatic;
				INFOPLIST_FILE = ToDoListUITests/Info.plist;
				LD_RUNPATH_SEARCH_PATHS = "$(inherited) @executable_path/Frameworks @loader_path/Frameworks";
				PRODUCT_BUNDLE_IDENTIFIER = todoList.ToDoListUITests;
				PRODUCT_NAME = "$(TARGET_NAME)";
				SWIFT_VERSION = 4.0;
				TARGETED_DEVICE_FAMILY = "1,2";
				TEST_TARGET_NAME = ToDoList;
			};
			name = Debug;
		};
		310352F81FC95C6B004CB626 /* Release */ = {
			isa = XCBuildConfiguration;
			buildSettings = {
				ALWAYS_EMBED_SWIFT_STANDARD_LIBRARIES = YES;
				CODE_SIGN_STYLE = Automatic;
				INFOPLIST_FILE = ToDoListUITests/Info.plist;
				LD_RUNPATH_SEARCH_PATHS = "$(inherited) @executable_path/Frameworks @loader_path/Frameworks";
				PRODUCT_BUNDLE_IDENTIFIER = todoList.ToDoListUITests;
				PRODUCT_NAME = "$(TARGET_NAME)";
				SWIFT_VERSION = 4.0;
				TARGETED_DEVICE_FAMILY = "1,2";
				TEST_TARGET_NAME = ToDoList;
			};
			name = Release;
		};
/* End XCBuildConfiguration section */

/* Begin XCConfigurationList section */
		310352C31FC95C6A004CB626 /* Build configuration list for PBXProject "ToDoList" */ = {
			isa = XCConfigurationList;
			buildConfigurations = (
				310352EE1FC95C6B004CB626 /* Debug */,
				310352EF1FC95C6B004CB626 /* Release */,
			);
			defaultConfigurationIsVisible = 0;
			defaultConfigurationName = Release;
		};
		310352F01FC95C6B004CB626 /* Build configuration list for PBXNativeTarget "ToDoList" */ = {
			isa = XCConfigurationList;
			buildConfigurations = (
				310352F11FC95C6B004CB626 /* Debug */,
				310352F21FC95C6B004CB626 /* Release */,
			);
			defaultConfigurationIsVisible = 0;
			defaultConfigurationName = Release;
		};
		310352F31FC95C6B004CB626 /* Build configuration list for PBXNativeTarget "ToDoListTests" */ = {
			isa = XCConfigurationList;
			buildConfigurations = (
				310352F41FC95C6B004CB626 /* Debug */,
				310352F51FC95C6B004CB626 /* Release */,
			);
			defaultConfigurationIsVisible = 0;
			defaultConfigurationName = Release;
		};
		310352F61FC95C6B004CB626 /* Build configuration list for PBXNativeTarget "ToDoListUITests" */ = {
			isa = XCConfigurationList;
			buildConfigurations = (
				310352F71FC95C6B004CB626 /* Debug */,
				310352F81FC95C6B004CB626 /* Release */,
			);
			defaultConfigurationIsVisible = 0;
			defaultConfigurationName = Release;
		};
/* End XCConfigurationList section */
	};
	rootObject = 310352C01FC95C6A004CB626 /* Project object */;
}
